
Microsoft Visual Studio Solution File, Format Version 12.00
# Visual Studio 2013
VisualStudioVersion = 12.0.30501.0
MinimumVisualStudioVersion = 10.0.40219.1
Project("{FAE04EC0-301F-11D3-BF4B-00C04F79EFBC}") = "AC", "AC\AC.csproj", "{0A2C6043-CA08-4D16-AFA9-EA3A809B80C3}"
EndProject
Project("{FAE04EC0-301F-11D3-BF4B-00C04F79EFBC}") = "UnitTestProject", "UnitTestProject\UnitTestProject.csproj", "{71A57FEF-833F-4931-AF15-57B0E25ABF8F}"
EndProject
Global
	GlobalSection(SolutionConfigurationPlatforms) = preSolution
		Debug|Any CPU = Debug|Any CPU
		Release|Any CPU = Release|Any CPU
	EndGlobalSection
	GlobalSection(ProjectConfigurationPlatforms) = postSolution
		{0A2C6043-CA08-4D16-AFA9-EA3A809B80C3}.Debug|Any CPU.ActiveCfg = Debug|Any CPU
		{0A2C6043-CA08-4D16-AFA9-EA3A809B80C3}.Debug|Any CPU.Build.0 = Debug|Any CPU
		{0A2C6043-CA08-4D16-AFA9-EA3A809B80C3}.Release|Any CPU.ActiveCfg = Release|Any CPU
		{0A2C6043-CA08-4D16-AFA9-EA3A809B80C3}.Release|Any CPU.Build.0 = Release|Any CPU
		{71A57FEF-833F-4931-AF15-57B0E25ABF8F}.Debug|Any CPU.ActiveCfg = Debug|Any CPU
		{71A57FEF-833F-4931-AF15-57B0E25ABF8F}.Debug|Any CPU.Build.0 = Debug|Any CPU
		{71A57FEF-833F-4931-AF15-57B0E25ABF8F}.Release|Any CPU.ActiveCfg = Release|Any CPU
		{71A57FEF-833F-4931-AF15-57B0E25ABF8F}.Release|Any CPU.Build.0 = Release|Any CPU
	EndGlobalSection
	GlobalSection(SolutionProperties) = preSolution
		HideSolutionNode = FALSE
	EndGlobalSection
EndGlobal
